
Microsoft Visual Studio Solution File, Format Version 12.00
# Visual Studio 15
VisualStudioVersion = 15.0.28010.2016
MinimumVisualStudioVersion = 10.0.40219.1
Project("{FAE04EC0-301F-11D3-BF4B-00C04F79EFBC}") = "PresentationLayer", "PresentationLayer\PresentationLayer.csproj", "{547F597C-E561-477C-9666-14D202B2D327}"
EndProject
Project("{FAE04EC0-301F-11D3-BF4B-00C04F79EFBC}") = "BusinessLayer", "BusinessLayer\BusinessLayer.csproj", "{C67B8048-CF3F-41CA-AFCD-950988D23C4C}"
EndProject
Project("{FAE04EC0-301F-11D3-BF4B-00C04F79EFBC}") = "DataLayer", "DataLayer\DataLayer.csproj", "{601746E5-4B66-47E8-8487-CB106EE016FF}"
EndProject
Global
	GlobalSection(SolutionConfigurationPlatforms) = preSolution
		Debug|Any CPU = Debug|Any CPU
		Release|Any CPU = Release|Any CPU
	EndGlobalSection
	GlobalSection(ProjectConfigurationPlatforms) = postSolution
		{547F597C-E561-477C-9666-14D202B2D327}.Debug|Any CPU.ActiveCfg = Debug|Any CPU
		{547F597C-E561-477C-9666-14D202B2D327}.Debug|Any CPU.Build.0 = Debug|Any CPU
		{547F597C-E561-477C-9666-14D202B2D327}.Release|Any CPU.ActiveCfg = Release|Any CPU
		{547F597C-E561-477C-9666-14D202B2D327}.Release|Any CPU.Build.0 = Release|Any CPU
		{C67B8048-CF3F-41CA-AFCD-950988D23C4C}.Debug|Any CPU.ActiveCfg = Debug|Any CPU
		{C67B8048-CF3F-41CA-AFCD-950988D23C4C}.Debug|Any CPU.Build.0 = Debug|Any CPU
		{C67B8048-CF3F-41CA-AFCD-950988D23C4C}.Release|Any CPU.ActiveCfg = Release|Any CPU
		{C67B8048-CF3F-41CA-AFCD-950988D23C4C}.Release|Any CPU.Build.0 = Release|Any CPU
		{601746E5-4B66-47E8-8487-CB106EE016FF}.Debug|Any CPU.ActiveCfg = Debug|Any CPU
		{601746E5-4B66-47E8-8487-CB106EE016FF}.Debug|Any CPU.Build.0 = Debug|Any CPU
		{601746E5-4B66-47E8-8487-CB106EE016FF}.Release|Any CPU.ActiveCfg = Release|Any CPU
		{601746E5-4B66-47E8-8487-CB106EE016FF}.Release|Any CPU.Build.0 = Release|Any CPU
	EndGlobalSection
	GlobalSection(SolutionProperties) = preSolution
		HideSolutionNode = FALSE
	EndGlobalSection
	GlobalSection(ExtensibilityGlobals) = postSolution
		SolutionGuid = {EB2217BC-5EF4-47CE-93C0-BD872DFF02C7}
	EndGlobalSection
EndGlobal
